{
  "name": "shop",
  "lockfileVersion": 3,
  "requires": true,
  "packages": {
    "": {
      "name": "shop",
      "dependencies": {
        "@shopco/http-kit": "2.3.0",
        "@shopco/money": "1.4.2"
      }
    },
    "node_modules/@shopco/http-kit": {
      "version": "2.3.0",
      "license": "MIT"
    },
    "node_modules/@shopco/money": {
      "version": "1.4.2",
      "license": "MIT"
    }
  }
}
